
Microsoft Visual Studio Solution File, Format Version 12.00
# Visual Studio Version 16
VisualStudioVersion = 16.0.29503.13
MinimumVisualStudioVersion = 10.0.40219.1
Project("{9A19103F-16F7-4668-BE54-9A1E7A4F7556}") = "Soccer.Common", "Soccer.Common\Soccer.Common.csproj", "{7072B4AD-5237-48ED-ABDF-F31486817EBA}"
EndProject
Project("{9A19103F-16F7-4668-BE54-9A1E7A4F7556}") = "Soccer.Web", "Soccer.Web\Soccer.Web.csproj", "{83904C27-8BE6-472A-8475-B7CCD1F3CA0F}"
EndProject
Project("{FAE04EC0-301F-11D3-BF4B-00C04F79EFBC}") = "Soccer.Prism", "Soccer.Prism\Soccer.Prism\Soccer.Prism.csproj", "{137229D3-F803-4253-8B7E-113236E6068B}"
EndProject
Project("{FAE04EC0-301F-11D3-BF4B-00C04F79EFBC}") = "Soccer.Prism.Android", "Soccer.Prism\Soccer.Prism.Android\Soccer.Prism.Android.csproj", "{A1B0813B-1833-42CF-BE4F-80D8E72CF955}"
EndProject
Project("{FAE04EC0-301F-11D3-BF4B-00C04F79EFBC}") = "Soccer.Prism.iOS", "Soccer.Prism\Soccer.Prism.iOS\Soccer.Prism.iOS.csproj", "{8CA75F40-C645-49E4-801B-AE8E80B6F6A3}"
EndProject
Project("{FAE04EC0-301F-11D3-BF4B-00C04F79EFBC}") = "Soccer.Cross.Android", "Soccer.Cross.Android\Soccer.Cross.Android.csproj", "{DE252D4E-786F-444B-A171-DD8936D52AAD}"
EndProject
Global
	GlobalSection(SolutionConfigurationPlatforms) = preSolution
		Ad-Hoc|Any CPU = Ad-Hoc|Any CPU
		Ad-Hoc|iPhone = Ad-Hoc|iPhone
		Ad-Hoc|iPhoneSimulator = Ad-Hoc|iPhoneSimulator
		AppStore|Any CPU = AppStore|Any CPU
		AppStore|iPhone = AppStore|iPhone
		AppStore|iPhoneSimulator = AppStore|iPhoneSimulator
		Debug|Any CPU = Debug|Any CPU
		Debug|iPhone = Debug|iPhone
		Debug|iPhoneSimulator = Debug|iPhoneSimulator
		Release|Any CPU = Release|Any CPU
		Release|iPhone = Release|iPhone
		Release|iPhoneSimulator = Release|iPhoneSimulator
	EndGlobalSection
	GlobalSection(ProjectConfigurationPlatforms) = postSolution
		{7072B4AD-5237-48ED-ABDF-F31486817EBA}.Ad-Hoc|Any CPU.ActiveCfg = Release|Any CPU
		{7072B4AD-5237-48ED-ABDF-F31486817EBA}.Ad-Hoc|Any CPU.Build.0 = Release|Any CPU
		{7072B4AD-5237-48ED-ABDF-F31486817EBA}.Ad-Hoc|iPhone.ActiveCfg = Release|Any CPU
		{7072B4AD-5237-48ED-ABDF-F31486817EBA}.Ad-Hoc|iPhone.Build.0 = Release|Any CPU
		{7072B4AD-5237-48ED-ABDF-F31486817EBA}.Ad-Hoc|iPhoneSimulator.ActiveCfg = Release|Any CPU
		{7072B4AD-5237-48ED-ABDF-F31486817EBA}.Ad-Hoc|iPhoneSimulator.Build.0 = Release|Any CPU
		{7072B4AD-5237-48ED-ABDF-F31486817EBA}.AppStore|Any CPU.ActiveCfg = Release|Any CPU
		{7072B4AD-5237-48ED-ABDF-F31486817EBA}.AppStore|Any CPU.Build.0 = Release|Any CPU
		{7072B4AD-5237-48ED-ABDF-F31486817EBA}.AppStore|iPhone.ActiveCfg = Release|Any CPU
		{7072B4AD-5237-48ED-ABDF-F31486817EBA}.AppStore|iPhone.Build.0 = Release|Any CPU
		{7072B4AD-5237-48ED-ABDF-F31486817EBA}.AppStore|iPhoneSimulator.ActiveCfg = Release|Any CPU
		{7072B4AD-5237-48ED-ABDF-F31486817EBA}.AppStore|iPhoneSimulator.Build.0 = Release|Any CPU
		{7072B4AD-5237-48ED-ABDF-F31486817EBA}.Debug|Any CPU.ActiveCfg = Debug|Any CPU
		{7072B4AD-5237-48ED-ABDF-F31486817EBA}.Debug|Any CPU.Build.0 = Debug|Any CPU
		{7072B4AD-5237-48ED-ABDF-F31486817EBA}.Debug|iPhone.ActiveCfg = Debug|Any CPU
		{7072B4AD-5237-48ED-ABDF-F31486817EBA}.Debug|iPhone.Build.0 = Debug|Any CPU
		{7072B4AD-5237-48ED-ABDF-F31486817EBA}.Debug|iPhoneSimulator.ActiveCfg = Debug|Any CPU
		{7072B4AD-5237-48ED-ABDF-F31486817EBA}.Debug|iPhoneSimulator.Build.0 = Debug|Any CPU
		{7072B4AD-5237-48ED-ABDF-F31486817EBA}.Release|Any CPU.ActiveCfg = Release|Any CPU
		{7072B4AD-5237-48ED-ABDF-F31486817EBA}.Release|Any CPU.Build.0 = Release|Any CPU
		{7072B4AD-5237-48ED-ABDF-F31486817EBA}.Release|iPhone.ActiveCfg = Release|Any CPU
		{7072B4AD-5237-48ED-ABDF-F31486817EBA}.Release|iPhone.Build.0 = Release|Any CPU
		{7072B4AD-5237-48ED-ABDF-F31486817EBA}.Release|iPhoneSimulator.ActiveCfg = Release|Any CPU
		{7072B4AD-5237-48ED-ABDF-F31486817EBA}.Release|iPhoneSimulator.Build.0 = Release|Any CPU
		{83904C27-8BE6-472A-8475-B7CCD1F3CA0F}.Ad-Hoc|Any CPU.ActiveCfg = Release|Any CPU
		{83904C27-8BE6-472A-8475-B7CCD1F3CA0F}.Ad-Hoc|Any CPU.Build.0 = Release|Any CPU
		{83904C27-8BE6-472A-8475-B7CCD1F3CA0F}.Ad-Hoc|iPhone.ActiveCfg = Release|Any CPU
		{83904C27-8BE6-472A-8475-B7CCD1F3CA0F}.Ad-Hoc|iPhone.Build.0 = Release|Any CPU
		{83904C27-8BE6-472A-8475-B7CCD1F3CA0F}.Ad-Hoc|iPhoneSimulator.ActiveCfg = Release|Any CPU
		{83904C27-8BE6-472A-8475-B7CCD1F3CA0F}.Ad-Hoc|iPhoneSimulator.Build.0 = Release|Any CPU
		{83904C27-8BE6-472A-8475-B7CCD1F3CA0F}.AppStore|Any CPU.ActiveCfg = Release|Any CPU
		{83904C27-8BE6-472A-8475-B7CCD1F3CA0F}.AppStore|Any CPU.Build.0 = Release|Any CPU
		{83904C27-8BE6-472A-8475-B7CCD1F3CA0F}.AppStore|iPhone.ActiveCfg = Release|Any CPU
		{83904C27-8BE6-472A-8475-B7CCD1F3CA0F}.AppStore|iPhone.Build.0 = Release|Any CPU
		{83904C27-8BE6-472A-8475-B7CCD1F3CA0F}.AppStore|iPhoneSimulator.ActiveCfg = Release|Any CPU
		{83904C27-8BE6-472A-8475-B7CCD1F3CA0F}.AppStore|iPhoneSimulator.Build.0 = Release|Any CPU
		{83904C27-8BE6-472A-8475-B7CCD1F3CA0F}.Debug|Any CPU.ActiveCfg = Debug|Any CPU
		{83904C27-8BE6-472A-8475-B7CCD1F3CA0F}.Debug|Any CPU.Build.0 = Debug|Any CPU
		{83904C27-8BE6-472A-8475-B7CCD1F3CA0F}.Debug|iPhone.ActiveCfg = Debug|Any CPU
		{83904C27-8BE6-472A-8475-B7CCD1F3CA0F}.Debug|iPhone.Build.0 = Debug|Any CPU
		{83904C27-8BE6-472A-8475-B7CCD1F3CA0F}.Debug|iPhoneSimulator.ActiveCfg = Debug|Any CPU
		{83904C27-8BE6-472A-8475-B7CCD1F3CA0F}.Debug|iPhoneSimulator.Build.0 = Debug|Any CPU
		{83904C27-8BE6-472A-8475-B7CCD1F3CA0F}.Release|Any CPU.ActiveCfg = Release|Any CPU
		{83904C27-8BE6-472A-8475-B7CCD1F3CA0F}.Release|Any CPU.Build.0 = Release|Any CPU
		{83904C27-8BE6-472A-8475-B7CCD1F3CA0F}.Release|iPhone.ActiveCfg = Release|Any CPU
		{83904C27-8BE6-472A-8475-B7CCD1F3CA0F}.Release|iPhone.Build.0 = Release|Any CPU
		{83904C27-8BE6-472A-8475-B7CCD1F3CA0F}.Release|iPhoneSimulator.ActiveCfg = Release|Any CPU
		{83904C27-8BE6-472A-8475-B7CCD1F3CA0F}.Release|iPhoneSimulator.Build.0 = Release|Any CPU
		{137229D3-F803-4253-8B7E-113236E6068B}.Ad-Hoc|Any CPU.ActiveCfg = Debug|Any CPU
		{137229D3-F803-4253-8B7E-113236E6068B}.Ad-Hoc|Any CPU.Build.0 = Debug|Any CPU
		{137229D3-F803-4253-8B7E-113236E6068B}.Ad-Hoc|iPhone.ActiveCfg = Debug|Any CPU
		{137229D3-F803-4253-8B7E-113236E6068B}.Ad-Hoc|iPhone.Build.0 = Debug|Any CPU
		{137229D3-F803-4253-8B7E-113236E6068B}.Ad-Hoc|iPhoneSimulator.ActiveCfg = Debug|Any CPU
		{137229D3-F803-4253-8B7E-113236E6068B}.Ad-Hoc|iPhoneSimulator.Build.0 = Debug|Any CPU
		{137229D3-F803-4253-8B7E-113236E6068B}.AppStore|Any CPU.ActiveCfg = Debug|Any CPU
		{137229D3-F803-4253-8B7E-113236E6068B}.AppStore|Any CPU.Build.0 = Debug|Any CPU
		{137229D3-F803-4253-8B7E-113236E6068B}.AppStore|iPhone.ActiveCfg = Debug|Any CPU
		{137229D3-F803-4253-8B7E-113236E6068B}.AppStore|iPhone.Build.0 = Debug|Any CPU
		{137229D3-F803-4253-8B7E-113236E6068B}.AppStore|iPhoneSimulator.ActiveCfg = Debug|Any CPU
		{137229D3-F803-4253-8B7E-113236E6068B}.AppStore|iPhoneSimulator.Build.0 = Debug|Any CPU
		{137229D3-F803-4253-8B7E-113236E6068B}.Debug|Any CPU.ActiveCfg = Debug|Any CPU
		{137229D3-F803-4253-8B7E-113236E6068B}.Debug|Any CPU.Build.0 = Debug|Any CPU
		{137229D3-F803-4253-8B7E-113236E6068B}.Debug|iPhone.ActiveCfg = Debug|Any CPU
		{137229D3-F803-4253-8B7E-113236E6068B}.Debug|iPhone.Build.0 = Debug|Any CPU
		{137229D3-F803-4253-8B7E-113236E6068B}.Debug|iPhoneSimulator.ActiveCfg = Debug|Any CPU
		{137229D3-F803-4253-8B7E-113236E6068B}.Debug|iPhoneSimulator.Build.0 = Debug|Any CPU
		{137229D3-F803-4253-8B7E-113236E6068B}.Release|Any CPU.ActiveCfg = Release|Any CPU
		{137229D3-F803-4253-8B7E-113236E6068B}.Release|Any CPU.Build.0 = Release|Any CPU
		{137229D3-F803-4253-8B7E-113236E6068B}.Release|iPhone.ActiveCfg = Release|Any CPU
		{137229D3-F803-4253-8B7E-113236E6068B}.Release|iPhone.Build.0 = Release|Any CPU
		{137229D3-F803-4253-8B7E-113236E6068B}.Release|iPhoneSimulator.ActiveCfg = Release|Any CPU
		{137229D3-F803-4253-8B7E-113236E6068B}.Release|iPhoneSimulator.Build.0 = Release|Any CPU
		{A1B0813B-1833-42CF-BE4F-80D8E72CF955}.Ad-Hoc|Any CPU.ActiveCfg = Release|Any CPU
		{A1B0813B-1833-42CF-BE4F-80D8E72CF955}.Ad-Hoc|Any CPU.Build.0 = Release|Any CPU
		{A1B0813B-1833-42CF-BE4F-80D8E72CF955}.Ad-Hoc|Any CPU.Deploy.0 = Release|Any CPU
		{A1B0813B-1833-42CF-BE4F-80D8E72CF955}.Ad-Hoc|iPhone.ActiveCfg = Release|Any CPU
		{A1B0813B-1833-42CF-BE4F-80D8E72CF955}.Ad-Hoc|iPhone.Build.0 = Release|Any CPU
		{A1B0813B-1833-42CF-BE4F-80D8E72CF955}.Ad-Hoc|iPhone.Deploy.0 = Release|Any CPU
		{A1B0813B-1833-42CF-BE4F-80D8E72CF955}.Ad-Hoc|iPhoneSimulator.ActiveCfg = Release|Any CPU
		{A1B0813B-1833-42CF-BE4F-80D8E72CF955}.Ad-Hoc|iPhoneSimulator.Build.0 = Release|Any CPU
		{A1B0813B-1833-42CF-BE4F-80D8E72CF955}.Ad-Hoc|iPhoneSimulator.Deploy.0 = Release|Any CPU
		{A1B0813B-1833-42CF-BE4F-80D8E72CF955}.AppStore|Any CPU.ActiveCfg = Release|Any CPU
		{A1B0813B-1833-42CF-BE4F-80D8E72CF955}.AppStore|Any CPU.Build.0 = Release|Any CPU
		{A1B0813B-1833-42CF-BE4F-80D8E72CF955}.AppStore|Any CPU.Deploy.0 = Release|Any CPU
		{A1B0813B-1833-42CF-BE4F-80D8E72CF955}.AppStore|iPhone.ActiveCfg = Release|Any CPU
		{A1B0813B-1833-42CF-BE4F-80D8E72CF955}.AppStore|iPhone.Build.0 = Release|Any CPU
		{A1B0813B-1833-42CF-BE4F-80D8E72CF955}.AppStore|iPhone.Deploy.0 = Release|Any CPU
		{A1B0813B-1833-42CF-BE4F-80D8E72CF955}.AppStore|iPhoneSimulator.ActiveCfg = Release|Any CPU
		{A1B0813B-1833-42CF-BE4F-80D8E72CF955}.AppStore|iPhoneSimulator.Build.0 = Release|Any CPU
		{A1B0813B-1833-42CF-BE4F-80D8E72CF955}.AppStore|iPhoneSimulator.Deploy.0 = Release|Any CPU
		{A1B0813B-1833-42CF-BE4F-80D8E72CF955}.Debug|Any CPU.ActiveCfg = Debug|Any CPU
		{A1B0813B-1833-42CF-BE4F-80D8E72CF955}.Debug|Any CPU.Build.0 = Debug|Any CPU
		{A1B0813B-1833-42CF-BE4F-80D8E72CF955}.Debug|Any CPU.Deploy.0 = Debug|Any CPU
		{A1B0813B-1833-42CF-BE4F-80D8E72CF955}.Debug|iPhone.ActiveCfg = Debug|Any CPU
		{A1B0813B-1833-42CF-BE4F-80D8E72CF955}.Debug|iPhone.Build.0 = Debug|Any CPU
		{A1B0813B-1833-42CF-BE4F-80D8E72CF955}.Debug|iPhone.Deploy.0 = Debug|Any CPU
		{A1B0813B-1833-42CF-BE4F-80D8E72CF955}.Debug|iPhoneSimulator.ActiveCfg = Debug|Any CPU
		{A1B0813B-1833-42CF-BE4F-80D8E72CF955}.Debug|iPhoneSimulator.Build.0 = Debug|Any CPU
		{A1B0813B-1833-42CF-BE4F-80D8E72CF955}.Debug|iPhoneSimulator.Deploy.0 = Debug|Any CPU
		{A1B0813B-1833-42CF-BE4F-80D8E72CF955}.Release|Any CPU.ActiveCfg = Release|Any CPU
		{A1B0813B-1833-42CF-BE4F-80D8E72CF955}.Release|Any CPU.Build.0 = Release|Any CPU
		{A1B0813B-1833-42CF-BE4F-80D8E72CF955}.Release|Any CPU.Deploy.0 = Release|Any CPU
		{A1B0813B-1833-42CF-BE4F-80D8E72CF955}.Release|iPhone.ActiveCfg = Release|Any CPU
		{A1B0813B-1833-42CF-BE4F-80D8E72CF955}.Release|iPhone.Build.0 = Release|Any CPU
		{A1B0813B-1833-42CF-BE4F-80D8E72CF955}.Release|iPhone.Deploy.0 = Release|Any CPU
		{A1B0813B-1833-42CF-BE4F-80D8E72CF955}.Release|iPhoneSimulator.ActiveCfg = Release|Any CPU
		{A1B0813B-1833-42CF-BE4F-80D8E72CF955}.Release|iPhoneSimulator.Build.0 = Release|Any CPU
		{A1B0813B-1833-42CF-BE4F-80D8E72CF955}.Release|iPhoneSimulator.Deploy.0 = Release|Any CPU
		{8CA75F40-C645-49E4-801B-AE8E80B6F6A3}.Ad-Hoc|Any CPU.ActiveCfg = Ad-Hoc|iPhone
		{8CA75F40-C645-49E4-801B-AE8E80B6F6A3}.Ad-Hoc|iPhone.ActiveCfg = Ad-Hoc|iPhone
		{8CA75F40-C645-49E4-801B-AE8E80B6F6A3}.Ad-Hoc|iPhone.Build.0 = Ad-Hoc|iPhone
		{8CA75F40-C645-49E4-801B-AE8E80B6F6A3}.Ad-Hoc|iPhoneSimulator.ActiveCfg = Ad-Hoc|iPhoneSimulator
		{8CA75F40-C645-49E4-801B-AE8E80B6F6A3}.Ad-Hoc|iPhoneSimulator.Build.0 = Ad-Hoc|iPhoneSimulator
		{8CA75F40-C645-49E4-801B-AE8E80B6F6A3}.AppStore|Any CPU.ActiveCfg = AppStore|iPhone
		{8CA75F40-C645-49E4-801B-AE8E80B6F6A3}.AppStore|iPhone.ActiveCfg = AppStore|iPhone
		{8CA75F40-C645-49E4-801B-AE8E80B6F6A3}.AppStore|iPhone.Build.0 = AppStore|iPhone
		{8CA75F40-C645-49E4-801B-AE8E80B6F6A3}.AppStore|iPhoneSimulator.ActiveCfg = AppStore|iPhoneSimulator
		{8CA75F40-C645-49E4-801B-AE8E80B6F6A3}.AppStore|iPhoneSimulator.Build.0 = AppStore|iPhoneSimulator
		{8CA75F40-C645-49E4-801B-AE8E80B6F6A3}.Debug|Any CPU.ActiveCfg = Debug|iPhone
		{8CA75F40-C645-49E4-801B-AE8E80B6F6A3}.Debug|iPhone.ActiveCfg = Debug|iPhone
		{8CA75F40-C645-49E4-801B-AE8E80B6F6A3}.Debug|iPhone.Build.0 = Debug|iPhone
		{8CA75F40-C645-49E4-801B-AE8E80B6F6A3}.Debug|iPhoneSimulator.ActiveCfg = Debug|iPhoneSimulator
		{8CA75F40-C645-49E4-801B-AE8E80B6F6A3}.Debug|iPhoneSimulator.Build.0 = Debug|iPhoneSimulator
		{8CA75F40-C645-49E4-801B-AE8E80B6F6A3}.Release|Any CPU.ActiveCfg = Release|iPhone
		{8CA75F40-C645-49E4-801B-AE8E80B6F6A3}.Release|iPhone.ActiveCfg = Release|iPhone
		{8CA75F40-C645-49E4-801B-AE8E80B6F6A3}.Release|iPhone.Build.0 = Release|iPhone
		{8CA75F40-C645-49E4-801B-AE8E80B6F6A3}.Release|iPhoneSimulator.ActiveCfg = Release|iPhoneSimulator
		{8CA75F40-C645-49E4-801B-AE8E80B6F6A3}.Release|iPhoneSimulator.Build.0 = Release|iPhoneSimulator
		{DE252D4E-786F-444B-A171-DD8936D52AAD}.Ad-Hoc|Any CPU.ActiveCfg = Release|Any CPU
		{DE252D4E-786F-444B-A171-DD8936D52AAD}.Ad-Hoc|Any CPU.Build.0 = Release|Any CPU
		{DE252D4E-786F-444B-A171-DD8936D52AAD}.Ad-Hoc|Any CPU.Deploy.0 = Release|Any CPU
		{DE252D4E-786F-444B-A171-DD8936D52AAD}.Ad-Hoc|iPhone.ActiveCfg = Release|Any CPU
		{DE252D4E-786F-444B-A171-DD8936D52AAD}.Ad-Hoc|iPhone.Build.0 = Release|Any CPU
		{DE252D4E-786F-444B-A171-DD8936D52AAD}.Ad-Hoc|iPhone.Deploy.0 = Release|Any CPU
		{DE252D4E-786F-444B-A171-DD8936D52AAD}.Ad-Hoc|iPhoneSimulator.ActiveCfg = Release|Any CPU
		{DE252D4E-786F-444B-A171-DD8936D52AAD}.Ad-Hoc|iPhoneSimulator.Build.0 = Release|Any CPU
		{DE252D4E-786F-444B-A171-DD8936D52AAD}.Ad-Hoc|iPhoneSimulator.Deploy.0 = Release|Any CPU
		{DE252D4E-786F-444B-A171-DD8936D52AAD}.AppStore|Any CPU.ActiveCfg = Release|Any CPU
		{DE252D4E-786F-444B-A171-DD8936D52AAD}.AppStore|Any CPU.Build.0 = Release|Any CPU
		{DE252D4E-786F-444B-A171-DD8936D52AAD}.AppStore|Any CPU.Deploy.0 = Release|Any CPU
		{DE252D4E-786F-444B-A171-DD8936D52AAD}.AppStore|iPhone.ActiveCfg = Release|Any CPU
		{DE252D4E-786F-444B-A171-DD8936D52AAD}.AppStore|iPhone.Build.0 = Release|Any CPU
		{DE252D4E-786F-444B-A171-DD8936D52AAD}.AppStore|iPhone.Deploy.0 = Release|Any CPU
		{DE252D4E-786F-444B-A171-DD8936D52AAD}.AppStore|iPhoneSimulator.ActiveCfg = Release|Any CPU
		{DE252D4E-786F-444B-A171-DD8936D52AAD}.AppStore|iPhoneSimulator.Build.0 = Release|Any CPU
		{DE252D4E-786F-444B-A171-DD8936D52AAD}.AppStore|iPhoneSimulator.Deploy.0 = Release|Any CPU
		{DE252D4E-786F-444B-A171-DD8936D52AAD}.Debug|Any CPU.ActiveCfg = Debug|Any CPU
		{DE252D4E-786F-444B-A171-DD8936D52AAD}.Debug|Any CPU.Build.0 = Debug|Any CPU
		{DE252D4E-786F-444B-A171-DD8936D52AAD}.Debug|Any CPU.Deploy.0 = Debug|Any CPU
		{DE252D4E-786F-444B-A171-DD8936D52AAD}.Debug|iPhone.ActiveCfg = Debug|Any CPU
		{DE252D4E-786F-444B-A171-DD8936D52AAD}.Debug|iPhone.Build.0 = Debug|Any CPU
		{DE252D4E-786F-444B-A171-DD8936D52AAD}.Debug|iPhone.Deploy.0 = Debug|Any CPU
		{DE252D4E-786F-444B-A171-DD8936D52AAD}.Debug|iPhoneSimulator.ActiveCfg = Debug|Any CPU
		{DE252D4E-786F-444B-A171-DD8936D52AAD}.Debug|iPhoneSimulator.Build.0 = Debug|Any CPU
		{DE252D4E-786F-444B-A171-DD8936D52AAD}.Debug|iPhoneSimulator.Deploy.0 = Debug|Any CPU
		{DE252D4E-786F-444B-A171-DD8936D52AAD}.Release|Any CPU.ActiveCfg = Release|Any CPU
		{DE252D4E-786F-444B-A171-DD8936D52AAD}.Release|Any CPU.Build.0 = Release|Any CPU
		{DE252D4E-786F-444B-A171-DD8936D52AAD}.Release|Any CPU.Deploy.0 = Release|Any CPU
		{DE252D4E-786F-444B-A171-DD8936D52AAD}.Release|iPhone.ActiveCfg = Release|Any CPU
		{DE252D4E-786F-444B-A171-DD8936D52AAD}.Release|iPhone.Build.0 = Release|Any CPU
		{DE252D4E-786F-444B-A171-DD8936D52AAD}.Release|iPhone.Deploy.0 = Release|Any CPU
		{DE252D4E-786F-444B-A171-DD8936D52AAD}.Release|iPhoneSimulator.ActiveCfg = Release|Any CPU
		{DE252D4E-786F-444B-A171-DD8936D52AAD}.Release|iPhoneSimulator.Build.0 = Release|Any CPU
		{DE252D4E-786F-444B-A171-DD8936D52AAD}.Release|iPhoneSimulator.Deploy.0 = Release|Any CPU
	EndGlobalSection
	GlobalSection(SolutionProperties) = preSolution
		HideSolutionNode = FALSE
	EndGlobalSection
	GlobalSection(ExtensibilityGlobals) = postSolution
		SolutionGuid = {ADE18BB0-CDED-4651-B38F-DDA07A92C926}
	EndGlobalSection
EndGlobal
